
Microsoft Visual Studio Solution File, Format Version 12.00
# Visual Studio 15
VisualStudioVersion = 15.0.33529.398
MinimumVisualStudioVersion = 10.0.40219.1
Project("{159641D6-6404-4A2A-AE62-294DE0FE8301}") = "ETL Telecom", "ETL Telecom\ETL Telecom.dtproj", "{9D82F524-3C82-4146-B7E6-750F2464C597}"
EndProject
Global
	GlobalSection(SolutionConfigurationPlatforms) = preSolution
		Development|Default = Development|Default
	EndGlobalSection
	GlobalSection(ProjectConfigurationPlatforms) = postSolution
		{9D82F524-3C82-4146-B7E6-750F2464C597}.Development|Default.ActiveCfg = Development
		{9D82F524-3C82-4146-B7E6-750F2464C597}.Development|Default.Build.0 = Development
	EndGlobalSection
	GlobalSection(SolutionProperties) = preSolution
		HideSolutionNode = FALSE
	EndGlobalSection
	GlobalSection(ExtensibilityGlobals) = postSolution
		SolutionGuid = {2274CAAA-C621-41BB-9B74-80E39DB34E52}
	EndGlobalSection
EndGlobal
